version = 1
revision = 3
requires-python = ">=3.11"

[[package]]
name = "promptgres"
version = "0.1.0"
source = { virtual = "." }
dependencies = [
    { name = "psycopg", extra = ["binary"] },
    { name = "python-dotenv" },
    { name = "pyyaml" },
]

[package.dev-dependencies]
dev = [
    { name = "ruff" },
]

[package.metadata]
requires-dist = [
    { name = "psycopg", extras = ["binary"], specifier = ">=3.2.0" },
    { name = "python-dotenv", specifier = ">=1.0.0" },
    { name = "pyyaml", specifier = ">=6.0.0" },
]

[package.metadata.requires-dev]
dev = [{ name = "ruff", specifier = ">=0.14.0" }]

[[package]]
name = "psycopg"
version = "3.2.10"
source = { registry = "https://pypi.org/simple" }
dependencies = [
    { name = "typing-extensions", marker = "python_full_version < '3.13'" },
    { name = "tzdata", marker = "sys_platform == 'win32'" },
]
sdist = { url = "https://files.pythonhosted.org/packages/a9/f1/0258a123c045afaf3c3b60c22ccff077bceeb24b8dc2c593270899353bd0/psycopg-3.2.10.tar.gz", hash = "sha256:0bce99269d16ed18401683a8569b2c5abd94f72f8364856d56c0389bcd50972a", size = 160380, upload-time = "2025-09-08T09:13:37.775Z" }
wheels = [
    { url = "https://files.pythonhosted.org/packages/4a/90/422ffbbeeb9418c795dae2a768db860401446af0c6768bc061ce22325f58/psycopg-3.2.10-py3-none-any.whl", hash = "sha256:ab5caf09a9ec42e314a21f5216dbcceac528e0e05142e42eea83a3b28b320ac3", size = 206586, upload-time = "2025-09-08T09:07:50.121Z" },
]

[package.optional-dependencies]
binary = [
    { name = "psycopg-binary", marker = "implementation_name != 'pypy'" },
]

[[package]]
name = "psycopg-binary"
version = "3.2.10"
source = { registry = "https://pypi.org/simple" }
wheels = [
    { url = "https://files.pythonhosted.org/packages/df/8c/f15bd09a0cc09f010c1462f1cb846d7d2706f0f6226ef8e953328243edcc/psycopg_binary-3.2.10-cp311-cp311-macosx_10_9_x86_64.whl", hash = "sha256:db0eb06a19e4c64a08db0db80875ede44939af6a2afc281762c338fad5d6e547", size = 4002654, upload-time = "2025-09-08T09:08:49.779Z" },
    { url = "https://files.pythonhosted.org/packages/c9/df/9b7c9db70b624b96544560d062c27030a817e932f1fa803b58e25b26dcdd/psycopg_binary-3.2.10-cp311-cp311-macosx_11_0_arm64.whl", hash = "sha256:d922fdd49ed17c558b6b2f9ae2054c3d0cced2a34e079ce5a41c86904d0203f7", size = 4074650, upload-time = "2025-09-08T09:08:57.53Z" },
    { url = "https://files.pythonhosted.org/packages/6b/32/7aba5874e1dfd90bc3dcd26dd9200ae65e1e6e169230759dad60139f1b99/psycopg_binary-3.2.10-cp311-cp311-manylinux2014_aarch64.manylinux_2_17_aarch64.whl", hash = "sha256:d557a94cd6d2e775b3af6cc0bd0ff0d9d641820b5cc3060ccf1f5ca2bf971217", size = 4630536, upload-time = "2025-09-08T09:09:03.492Z" },
    { url = "https://files.pythonhosted.org/packages/7d/b1/a430d08b4eb28dc534181eb68a9c2a9e90b77c0e2933e338790534e7dce0/psycopg_binary-3.2.10-cp311-cp311-manylinux2014_ppc64le.manylinux_2_17_ppc64le.whl", hash = "sha256:29b6bb87959515bc8b6abef10d8d23a9a681f03e48e9f0c8adb4b9fb7fa73f11", size = 4728387, upload-time = "2025-09-08T09:09:08.909Z" },
    { url = "https://files.pythonhosted.org/packages/1b/d4/26d0fa9e8e7c05f0338024d2822a3740fac6093999443ad54e164f154bcc/psycopg_binary-3.2.10-cp311-cp311-manylinux2014_x86_64.manylinux_2_17_x86_64.whl", hash = "sha256:1b29285474e3339d0840e1b5079fdb0481914108f92ec62de0c87ae333c60b24", size = 4413805, upload-time = "2025-09-08T09:09:13.704Z" },
    { url = "https://files.pythonhosted.org/packages/c9/f2/d05c037c02e2ac4cb1c5b895c6c82428b3eaa0c48d08767b771bc2ea155a/psycopg_binary-3.2.10-cp311-cp311-musllinux_1_2_aarch64.whl", hash = "sha256:62590dd113d10cd9c08251cb80b32e2e8aaf01ece04a700322e776b1d216959f", size = 3886830, upload-time = "2025-09-08T09:09:18.102Z" },
    { url = "https://files.pythonhosted.org/packages/8f/84/db3dee4335cd80c56e173a5ffbda6d17a7a10eeed030378d9adf3ab19ea7/psycopg_binary-3.2.10-cp311-cp311-musllinux_1_2_ppc64le.whl", hash = "sha256:764a5b9b40ad371c55dfdf95374d89e44a82fd62272d4fceebea0adb8930e2fb", size = 3568543, upload-time = "2025-09-08T09:09:22.765Z" },
    { url = "https://files.pythonhosted.org/packages/1b/45/4117274f24b8d49b8a9c1cb60488bb172ac9e57b8f804726115c332d16f8/psycopg_binary-3.2.10-cp311-cp311-musllinux_1_2_x86_64.whl", hash = "sha256:bd3676a04970cf825d2c771b0c147f91182c5a3653e0dbe958e12383668d0f79", size = 3610614, upload-time = "2025-09-08T09:09:27.534Z" },
    { url = "https://files.pythonhosted.org/packages/3c/22/f1b294dfc8af32a96a363aa99c0ebb530fc1c372a424c54a862dcf77ef47/psycopg_binary-3.2.10-cp311-cp311-win_amd64.whl", hash = "sha256:646048f46192c8d23786cc6ef19f35b7488d4110396391e407eca695fdfe9dcd", size = 2888340, upload-time = "2025-09-08T09:09:32.696Z" },
    { url = "https://files.pythonhosted.org/packages/a6/34/91c127fdedf8b270b1e3acc9f849d07ee8b80194379590c6f48dcc842924/psycopg_binary-3.2.10-cp312-cp312-macosx_10_13_x86_64.whl", hash = "sha256:1dee2f4d2adc9adacbfecf8254bd82f6ac95cff707e1b9b99aa721cd1ef16b47", size = 3983963, upload-time = "2025-09-08T09:09:38.454Z" },
    { url = "https://files.pythonhosted.org/packages/1e/03/1d10ce2bf70cf549a8019639dc0c49be03e41092901d4324371a968b8c01/psycopg_binary-3.2.10-cp312-cp312-macosx_11_0_arm64.whl", hash = "sha256:8b45e65383da9c4a42a56f817973e521e893f4faae897fe9f1a971f9fe799742", size = 4069171, upload-time = "2025-09-08T09:09:44.395Z" },
    { url = "https://files.pythonhosted.org/packages/4c/5e/39cb924d6e119145aa5fc5532f48e79c67e13a76675e9366c327098db7b5/psycopg_binary-3.2.10-cp312-cp312-manylinux2014_aarch64.manylinux_2_17_aarch64.whl", hash = "sha256:484d2b1659afe0f8f1cef5ea960bb640e96fa864faf917086f9f833f5c7a8034", size = 4610780, upload-time = "2025-09-08T09:09:53.073Z" },
    { url = "https://files.pythonhosted.org/packages/20/05/5a1282ebc4e39f5890abdd4bb7edfe9d19e4667497a1793ad288a8b81826/psycopg_binary-3.2.10-cp312-cp312-manylinux2014_ppc64le.manylinux_2_17_ppc64le.whl", hash = "sha256:3bb4046973264ebc8cb7e20a83882d68577c1f26a6f8ad4fe52e4468cd9a8eee", size = 4700479, upload-time = "2025-09-08T09:09:58.183Z" },
    { url = "https://files.pythonhosted.org/packages/af/7a/e1c06e558ca3f37b7e6b002e555ebcfce0bf4dee6f3ae589a7444e16ce17/psycopg_binary-3.2.10-cp312-cp312-manylinux2014_x86_64.manylinux_2_17_x86_64.whl", hash = "sha256:14bcbcac0cab465d88b2581e43ec01af4b01c9833e663f1352e05cb41be19e44", size = 4391772, upload-time = "2025-09-08T09:10:04.406Z" },
    { url = "https://files.pythonhosted.org/packages/6a/d6/56f449c86988c9a97dc6c5f31d3689cfe8aedb37f2a02bd3e3882465d385/psycopg_binary-3.2.10-cp312-cp312-musllinux_1_2_aarch64.whl", hash = "sha256:70bb7f665587dfd79e69f48b34efe226149454d7aab138ed22d5431d703de2f6", size = 3858214, upload-time = "2025-09-08T09:10:09.693Z" },
    { url = "https://files.pythonhosted.org/packages/93/56/f9eed67c9a1701b1e315f3687ff85f2f22a0a7d0eae4505cff65ef2f2679/psycopg_binary-3.2.10-cp312-cp312-musllinux_1_2_ppc64le.whl", hash = "sha256:d2fe9eaa367f6171ab1a21a7dcb335eb2398be7f8bb7e04a20e2260aedc6f782", size = 3528051, upload-time = "2025-09-08T09:10:13.423Z" },
    { url = "https://files.pythonhosted.org/packages/25/cc/636709c72540cb859566537c0a03e46c3d2c4c4c2e13f78df46b6c4082b3/psycopg_binary-3.2.10-cp312-cp312-musllinux_1_2_x86_64.whl", hash = "sha256:299834cce3eec0c48aae5a5207fc8f0c558fd65f2ceab1a36693329847da956b", size = 3580117, upload-time = "2025-09-08T09:10:17.81Z" },
    { url = "https://files.pythonhosted.org/packages/c1/a8/a2c822fa06b0dbbb8ad4b0221da2534f77bac54332d2971dbf930f64be5a/psycopg_binary-3.2.10-cp312-cp312-win_amd64.whl", hash = "sha256:e037aac8dc894d147ef33056fc826ee5072977107a3fdf06122224353a057598", size = 2878872, upload-time = "2025-09-08T09:10:22.162Z" },
    { url = "https://files.pythonhosted.org/packages/3a/80/db840f7ebf948ab05b4793ad34d4da6ad251829d6c02714445ae8b5f1403/psycopg_binary-3.2.10-cp313-cp313-macosx_10_13_x86_64.whl", hash = "sha256:55b14f2402be027fe1568bc6c4d75ac34628ff5442a70f74137dadf99f738e3b", size = 3982057, upload-time = "2025-09-08T09:10:28.725Z" },
    { url = "https://files.pythonhosted.org/packages/2d/53/39308328bb8388b1ec3501a16128c5ada405f217c6d91b3d921b9f3c5604/psycopg_binary-3.2.10-cp313-cp313-macosx_11_0_arm64.whl", hash = "sha256:43d803fb4e108a67c78ba58f3e6855437ca25d56504cae7ebbfbd8fce9b59247", size = 4066830, upload-time = "2025-09-08T09:10:34.083Z" },
    { url = "https://files.pythonhosted.org/packages/e7/5a/18e6f41b40c71197479468cb18703b2999c6e4ab06f9c05df3bf416a55d7/psycopg_binary-3.2.10-cp313-cp313-manylinux2014_aarch64.manylinux_2_17_aarch64.whl", hash = "sha256:470594d303928ab72a1ffd179c9c7bde9d00f76711d6b0c28f8a46ddf56d9807", size = 4610747, upload-time = "2025-09-08T09:10:39.697Z" },
    { url = "https://files.pythonhosted.org/packages/be/ab/9198fed279aca238c245553ec16504179d21aad049958a2865d0aa797db4/psycopg_binary-3.2.10-cp313-cp313-manylinux2014_ppc64le.manylinux_2_17_ppc64le.whl", hash = "sha256:a1d4e4d309049e3cb61269652a3ca56cb598da30ecd7eb8cea561e0d18bc1a43", size = 4700301, upload-time = "2025-09-08T09:10:44.715Z" },
    { url = "https://files.pythonhosted.org/packages/fc/0d/59024313b5e6c5da3e2a016103494c609d73a95157a86317e0f600c8acb3/psycopg_binary-3.2.10-cp313-cp313-manylinux2014_x86_64.manylinux_2_17_x86_64.whl", hash = "sha256:a92ff1c2cd79b3966d6a87e26ceb222ecd5581b5ae4b58961f126af806a861ed", size = 4392679, upload-time = "2025-09-08T09:10:49.106Z" },
    { url = "https://files.pythonhosted.org/packages/ff/47/21ef15d8a66e3a7a76a177f885173d27f0c5cbe39f5dd6eda9832d6b4e19/psycopg_binary-3.2.10-cp313-cp313-musllinux_1_2_aarch64.whl", hash = "sha256:ac0365398947879c9827b319217096be727da16c94422e0eb3cf98c930643162", size = 3857881, upload-time = "2025-09-08T09:10:56.75Z" },
    { url = "https://files.pythonhosted.org/packages/af/35/c5e5402ccd40016f15d708bbf343b8cf107a58f8ae34d14dc178fdea4fd4/psycopg_binary-3.2.10-cp313-cp313-musllinux_1_2_ppc64le.whl", hash = "sha256:42ee399c2613b470a87084ed79b06d9d277f19b0457c10e03a4aef7059097abc", size = 3531135, upload-time = "2025-09-08T09:11:03.346Z" },
    { url = "https://files.pythonhosted.org/packages/e6/e2/9b82946859001fe5e546c8749991b8b3b283f40d51bdc897d7a8e13e0a5e/psycopg_binary-3.2.10-cp313-cp313-musllinux_1_2_x86_64.whl", hash = "sha256:2028073fc12cd70ba003309d1439c0c4afab4a7eee7653b8c91213064fffe12b", size = 3581813, upload-time = "2025-09-08T09:11:08.76Z" },
    { url = "https://files.pythonhosted.org/packages/c5/91/c10cfccb75464adb4781486e0014ecd7c2ad6decf6cbe0afd8db65ac2bc9/psycopg_binary-3.2.10-cp313-cp313-win_amd64.whl", hash = "sha256:8390db6d2010ffcaf7f2b42339a2da620a7125d37029c1f9b72dfb04a8e7be6f", size = 2881466, upload-time = "2025-09-08T09:11:14.078Z" },
    { url = "https://files.pythonhosted.org/packages/fd/89/b0702ba0d007cc787dd7a205212c8c8cae229d1e7214c8e27bdd3b13d33e/psycopg_binary-3.2.10-cp314-cp314-macosx_10_13_x86_64.whl", hash = "sha256:b34c278a58aa79562afe7f45e0455b1f4cad5974fc3d5674cc5f1f9f57e97fc5", size = 3981253, upload-time = "2025-09-08T09:11:19.864Z" },
    { url = "https://files.pythonhosted.org/packages/dc/c9/e51ac72ac34d1d8ea7fd861008ad8de60e56997f5bd3fbae7536570f6f58/psycopg_binary-3.2.10-cp314-cp314-macosx_11_0_arm64.whl", hash = "sha256:810f65b9ef1fe9dddb5c05937884ea9563aaf4e1a2c3d138205231ed5f439511", size = 4067542, upload-time = "2025-09-08T09:11:25.366Z" },
    { url = "https://files.pythonhosted.org/packages/d6/27/49625c79ae89959a070c1fb63ebb5c6eed426fa09e15086b6f5b626fcdc2/psycopg_binary-3.2.10-cp314-cp314-manylinux2014_aarch64.manylinux_2_17_aarch64.whl", hash = "sha256:8923487c3898c65e1450847e15d734bb2e6adbd2e79d2d1dd5ad829a1306bdc0", size = 4615338, upload-time = "2025-09-08T09:11:31.079Z" },
    { url = "https://files.pythonhosted.org/packages/b9/0d/9fdb5482f50f56303770ea8a3b1c1f32105762da731c7e2a4f425e0b3887/psycopg_binary-3.2.10-cp314-cp314-manylinux2014_ppc64le.manylinux_2_17_ppc64le.whl", hash = "sha256:7950ff79df7a453ac8a7d7a74694055b6c15905b0a2b6e3c99eb59c51a3f9bf7", size = 4703401, upload-time = "2025-09-08T09:11:38.718Z" },
    { url = "https://files.pythonhosted.org/packages/3c/f3/eb2f75ca2c090bf1d0c90d6da29ef340876fe4533bcfc072a9fd94dd52b4/psycopg_binary-3.2.10-cp314-cp314-manylinux2014_x86_64.manylinux_2_17_x86_64.whl", hash = "sha256:0c2b95e83fda70ed2b0b4fadd8538572e4a4d987b721823981862d1ab56cc760", size = 4393458, upload-time = "2025-09-08T09:11:44.114Z" },
    { url = "https://files.pythonhosted.org/packages/20/2e/887abe0591b2f1c1af31164b9efb46c5763e4418f403503bc9fbddaa02ef/psycopg_binary-3.2.10-cp314-cp314-musllinux_1_2_aarch64.whl", hash = "sha256:20384985fbc650c09a547a13c6d7f91bb42020d38ceafd2b68b7fc4a48a1f160", size = 3863733, upload-time = "2025-09-08T09:11:49.237Z" },
    { url = "https://files.pythonhosted.org/packages/6b/8c/9446e3a84187220a98657ef778518f9b44eba55b1f6c3e8300d229ec9930/psycopg_binary-3.2.10-cp314-cp314-musllinux_1_2_ppc64le.whl", hash = "sha256:1f6982609b8ff8fcd67299b67cd5787da1876f3bb28fedd547262cfa8ddedf94", size = 3535121, upload-time = "2025-09-08T09:11:53.887Z" },
    { url = "https://files.pythonhosted.org/packages/b4/e1/f0382c956bfaa951a0dbd4d5a354acf093ef7e5219996958143dfd2bf37d/psycopg_binary-3.2.10-cp314-cp314-musllinux_1_2_x86_64.whl", hash = "sha256:bf30dcf6aaaa8d4779a20d2158bdf81cc8e84ce8eee595d748a7671c70c7b890", size = 3584235, upload-time = "2025-09-08T09:12:01.118Z" },
    { url = "https://files.pythonhosted.org/packages/5a/dd/464bd739bacb3b745a1c93bc15f20f0b1e27f0a64ec693367794b398673b/psycopg_binary-3.2.10-cp314-cp314-win_amd64.whl", hash = "sha256:d5c6a66a76022af41970bf19f51bc6bf87bd10165783dd1d40484bfd87d6b382", size = 2973554, upload-time = "2025-09-08T09:12:05.884Z" },
]

[[package]]
name = "python-dotenv"
version = "1.1.1"
source = { registry = "https://pypi.org/simple" }
sdist = { url = "https://files.pythonhosted.org/packages/f6/b0/4bc07ccd3572a2f9df7e6782f52b0c6c90dcbb803ac4a167702d7d0dfe1e/python_dotenv-1.1.1.tar.gz", hash = "sha256:a8a6399716257f45be6a007360200409fce5cda2661e3dec71d23dc15f6189ab", size = 41978, upload-time = "2025-06-24T04:21:07.341Z" }
wheels = [
    { url = "https://files.pythonhosted.org/packages/5f/ed/539768cf28c661b5b068d66d96a2f155c4971a5d55684a514c1a0e0dec2f/python_dotenv-1.1.1-py3-none-any.whl", hash = "sha256:31f23644fe2602f88ff55e1f5c79ba497e01224ee7737937930c448e4d0e24dc", size = 20556, upload-time = "2025-06-24T04:21:06.073Z" },
]

[[package]]
name = "pyyaml"
version = "6.0.3"
source = { registry = "https://pypi.org/simple" }
sdist = { url = "https://files.pythonhosted.org/packages/05/8e/961c0007c59b8dd7729d542c61a4d537767a59645b82a0b521206e1e25c2/pyyaml-6.0.3.tar.gz", hash = "sha256:d76623373421df22fb4cf8817020cbb7ef15c725b9d5e45f17e189bfc384190f", size = 130960, upload-time = "2025-09-25T21:33:16.546Z" }
wheels = [
    { url = "https://files.pythonhosted.org/packages/6d/16/a95b6757765b7b031c9374925bb718d55e0a9ba8a1b6a12d25962ea44347/pyyaml-6.0.3-cp311-cp311-macosx_10_13_x86_64.whl", hash = "sha256:44edc647873928551a01e7a563d7452ccdebee747728c1080d881d68af7b997e", size = 185826, upload-time = "2025-09-25T21:31:58.655Z" },
    { url = "https://files.pythonhosted.org/packages/16/19/13de8e4377ed53079ee996e1ab0a9c33ec2faf808a4647b7b4c0d46dd239/pyyaml-6.0.3-cp311-cp311-macosx_11_0_arm64.whl", hash = "sha256:652cb6edd41e718550aad172851962662ff2681490a8a711af6a4d288dd96824", size = 175577, upload-time = "2025-09-25T21:32:00.088Z" },
    { url = "https://files.pythonhosted.org/packages/0c/62/d2eb46264d4b157dae1275b573017abec435397aa59cbcdab6fc978a8af4/pyyaml-6.0.3-cp311-cp311-manylinux2014_aarch64.manylinux_2_17_aarch64.manylinux_2_28_aarch64.whl", hash = "sha256:10892704fc220243f5305762e276552a0395f7beb4dbf9b14ec8fd43b57f126c", size = 775556, upload-time = "2025-09-25T21:32:01.31Z" },
    { url = "https://files.pythonhosted.org/packages/10/cb/16c3f2cf3266edd25aaa00d6c4350381c8b012ed6f5276675b9eba8d9ff4/pyyaml-6.0.3-cp311-cp311-manylinux2014_s390x.manylinux_2_17_s390x.manylinux_2_28_s390x.whl", hash = "sha256:850774a7879607d3a6f50d36d04f00ee69e7fc816450e5f7e58d7f17f1ae5c00", size = 882114, upload-time = "2025-09-25T21:32:03.376Z" },
    { url = "https://files.pythonhosted.org/packages/71/60/917329f640924b18ff085ab889a11c763e0b573da888e8404ff486657602/pyyaml-6.0.3-cp311-cp311-manylinux2014_x86_64.manylinux_2_17_x86_64.manylinux_2_28_x86_64.whl", hash = "sha256:b8bb0864c5a28024fac8a632c443c87c5aa6f215c0b126c449ae1a150412f31d", size = 806638, upload-time = "2025-09-25T21:32:04.553Z" },
    { url = "https://files.pythonhosted.org/packages/dd/6f/529b0f316a9fd167281a6c3826b5583e6192dba792dd55e3203d3f8e655a/pyyaml-6.0.3-cp311-cp311-musllinux_1_2_aarch64.whl", hash = "sha256:1d37d57ad971609cf3c53ba6a7e365e40660e3be0e5175fa9f2365a379d6095a", size = 767463, upload-time = "2025-09-25T21:32:06.152Z" },
    { url = "https://files.pythonhosted.org/packages/f2/6a/b627b4e0c1dd03718543519ffb2f1deea4a1e6d42fbab8021936a4d22589/pyyaml-6.0.3-cp311-cp311-musllinux_1_2_x86_64.whl", hash = "sha256:37503bfbfc9d2c40b344d06b2199cf0e96e97957ab1c1b546fd4f87e53e5d3e4", size = 794986, upload-time = "2025-09-25T21:32:07.367Z" },
    { url = "https://files.pythonhosted.org/packages/45/91/47a6e1c42d9ee337c4839208f30d9f09caa9f720ec7582917b264defc875/pyyaml-6.0.3-cp311-cp311-win32.whl", hash = "sha256:8098f252adfa6c80ab48096053f512f2321f0b998f98150cea9bd23d83e1467b", size = 142543, upload-time = "2025-09-25T21:32:08.95Z" },
    { url = "https://files.pythonhosted.org/packages/da/e3/ea007450a105ae919a72393cb06f122f288ef60bba2dc64b26e2646fa315/pyyaml-6.0.3-cp311-cp311-win_amd64.whl", hash = "sha256:9f3bfb4965eb874431221a3ff3fdcddc7e74e3b07799e0e84ca4a0f867d449bf", size = 158763, upload-time = "2025-09-25T21:32:09.96Z" },
    { url = "https://files.pythonhosted.org/packages/d1/33/422b98d2195232ca1826284a76852ad5a86fe23e31b009c9886b2d0fb8b2/pyyaml-6.0.3-cp312-cp312-macosx_10_13_x86_64.whl", hash = "sha256:7f047e29dcae44602496db43be01ad42fc6f1cc0d8cd6c83d342306c32270196", size = 182063, upload-time = "2025-09-25T21:32:11.445Z" },
    { url = "https://files.pythonhosted.org/packages/89/a0/6cf41a19a1f2f3feab0e9c0b74134aa2ce6849093d5517a0c550fe37a648/pyyaml-6.0.3-cp312-cp312-macosx_11_0_arm64.whl", hash = "sha256:fc09d0aa354569bc501d4e787133afc08552722d3ab34836a80547331bb5d4a0", size = 173973, upload-time = "2025-09-25T21:32:12.492Z" },
    { url = "https://files.pythonhosted.org/packages/ed/23/7a778b6bd0b9a8039df8b1b1d80e2e2ad78aa04171592c8a5c43a56a6af4/pyyaml-6.0.3-cp312-cp312-manylinux2014_aarch64.manylinux_2_17_aarch64.manylinux_2_28_aarch64.whl", hash = "sha256:9149cad251584d5fb4981be1ecde53a1ca46c891a79788c0df828d2f166bda28", size = 775116, upload-time = "2025-09-25T21:32:13.652Z" },
    { url = "https://files.pythonhosted.org/packages/65/30/d7353c338e12baef4ecc1b09e877c1970bd3382789c159b4f89d6a70dc09/pyyaml-6.0.3-cp312-cp312-manylinux2014_s390x.manylinux_2_17_s390x.manylinux_2_28_s390x.whl", hash = "sha256:5fdec68f91a0c6739b380c83b951e2c72ac0197ace422360e6d5a959d8d97b2c", size = 844011, upload-time = "2025-09-25T21:32:15.21Z" },
    { url = "https://files.pythonhosted.org/packages/8b/9d/b3589d3877982d4f2329302ef98a8026e7f4443c765c46cfecc8858c6b4b/pyyaml-6.0.3-cp312-cp312-manylinux2014_x86_64.manylinux_2_17_x86_64.manylinux_2_28_x86_64.whl", hash = "sha256:ba1cc08a7ccde2d2ec775841541641e4548226580ab850948cbfda66a1befcdc", size = 807870, upload-time = "2025-09-25T21:32:16.431Z" },
    { url = "https://files.pythonhosted.org/packages/05/c0/b3be26a015601b822b97d9149ff8cb5ead58c66f981e04fedf4e762f4bd4/pyyaml-6.0.3-cp312-cp312-musllinux_1_2_aarch64.whl", hash = "sha256:8dc52c23056b9ddd46818a57b78404882310fb473d63f17b07d5c40421e47f8e", size = 761089, upload-time = "2025-09-25T21:32:17.56Z" },
    { url = "https://files.pythonhosted.org/packages/be/8e/98435a21d1d4b46590d5459a22d88128103f8da4c2d4cb8f14f2a96504e1/pyyaml-6.0.3-cp312-cp312-musllinux_1_2_x86_64.whl", hash = "sha256:41715c910c881bc081f1e8872880d3c650acf13dfa8214bad49ed4cede7c34ea", size = 790181, upload-time = "2025-09-25T21:32:18.834Z" },
    { url = "https://files.pythonhosted.org/packages/74/93/7baea19427dcfbe1e5a372d81473250b379f04b1bd3c4c5ff825e2327202/pyyaml-6.0.3-cp312-cp312-win32.whl", hash = "sha256:96b533f0e99f6579b3d4d4995707cf36df9100d67e0c8303a0c55b27b5f99bc5", size = 137658, upload-time = "2025-09-25T21:32:20.209Z" },
    { url = "https://files.pythonhosted.org/packages/86/bf/899e81e4cce32febab4fb42bb97dcdf66bc135272882d1987881a4b519e9/pyyaml-6.0.3-cp312-cp312-win_amd64.whl", hash = "sha256:5fcd34e47f6e0b794d17de1b4ff496c00986e1c83f7ab2fb8fcfe9616ff7477b", size = 154003, upload-time = "2025-09-25T21:32:21.167Z" },
    { url = "https://files.pythonhosted.org/packages/1a/08/67bd04656199bbb51dbed1439b7f27601dfb576fb864099c7ef0c3e55531/pyyaml-6.0.3-cp312-cp312-win_arm64.whl", hash = "sha256:64386e5e707d03a7e172c0701abfb7e10f0fb753ee1d773128192742712a98fd", size = 140344, upload-time = "2025-09-25T21:32:22.617Z" },
    { url = "https://files.pythonhosted.org/packages/d1/11/0fd08f8192109f7169db964b5707a2f1e8b745d4e239b784a5a1dd80d1db/pyyaml-6.0.3-cp313-cp313-macosx_10_13_x86_64.whl", hash = "sha256:8da9669d359f02c0b91ccc01cac4a67f16afec0dac22c2ad09f46bee0697eba8", size = 181669, upload-time = "2025-09-25T21:32:23.673Z" },
    { url = "https://files.pythonhosted.org/packages/b1/16/95309993f1d3748cd644e02e38b75d50cbc0d9561d21f390a76242ce073f/pyyaml-6.0.3-cp313-cp313-macosx_11_0_arm64.whl", hash = "sha256:2283a07e2c21a2aa78d9c4442724ec1eb15f5e42a723b99cb3d822d48f5f7ad1", size = 173252, upload-time = "2025-09-25T21:32:25.149Z" },
    { url = "https://files.pythonhosted.org/packages/50/31/b20f376d3f810b9b2371e72ef5adb33879b25edb7a6d072cb7ca0c486398/pyyaml-6.0.3-cp313-cp313-manylinux2014_aarch64.manylinux_2_17_aarch64.manylinux_2_28_aarch64.whl", hash = "sha256:ee2922902c45ae8ccada2c5b501ab86c36525b883eff4255313a253a3160861c", size = 767081, upload-time = "2025-09-25T21:32:26.575Z" },
    { url = "https://files.pythonhosted.org/packages/49/1e/a55ca81e949270d5d4432fbbd19dfea5321eda7c41a849d443dc92fd1ff7/pyyaml-6.0.3-cp313-cp313-manylinux2014_s390x.manylinux_2_17_s390x.manylinux_2_28_s390x.whl", hash = "sha256:a33284e20b78bd4a18c8c2282d549d10bc8408a2a7ff57653c0cf0b9be0afce5", size = 841159, upload-time = "2025-09-25T21:32:27.727Z" },
    { url = "https://files.pythonhosted.org/packages/74/27/e5b8f34d02d9995b80abcef563ea1f8b56d20134d8f4e5e81733b1feceb2/pyyaml-6.0.3-cp313-cp313-manylinux2014_x86_64.manylinux_2_17_x86_64.manylinux_2_28_x86_64.whl", hash = "sha256:0f29edc409a6392443abf94b9cf89ce99889a1dd5376d94316ae5145dfedd5d6", size = 801626, upload-time = "2025-09-25T21:32:28.878Z" },
    { url = "https://files.pythonhosted.org/packages/f9/11/ba845c23988798f40e52ba45f34849aa8a1f2d4af4b798588010792ebad6/pyyaml-6.0.3-cp313-cp313-musllinux_1_2_aarch64.whl", hash = "sha256:f7057c9a337546edc7973c0d3ba84ddcdf0daa14533c2065749c9075001090e6", size = 753613, upload-time = "2025-09-25T21:32:30.178Z" },
    { url = "https://files.pythonhosted.org/packages/3d/e0/7966e1a7bfc0a45bf0a7fb6b98ea03fc9b8d84fa7f2229e9659680b69ee3/pyyaml-6.0.3-cp313-cp313-musllinux_1_2_x86_64.whl", hash = "sha256:eda16858a3cab07b80edaf74336ece1f986ba330fdb8ee0d6c0d68fe82bc96be", size = 794115, upload-time = "2025-09-25T21:32:31.353Z" },
    { url = "https://files.pythonhosted.org/packages/de/94/980b50a6531b3019e45ddeada0626d45fa85cbe22300844a7983285bed3b/pyyaml-6.0.3-cp313-cp313-win32.whl", hash = "sha256:d0eae10f8159e8fdad514efdc92d74fd8d682c933a6dd088030f3834bc8e6b26", size = 137427, upload-time = "2025-09-25T21:32:32.58Z" },
    { url = "https://files.pythonhosted.org/packages/97/c9/39d5b874e8b28845e4ec2202b5da735d0199dbe5b8fb85f91398814a9a46/pyyaml-6.0.3-cp313-cp313-win_amd64.whl", hash = "sha256:79005a0d97d5ddabfeeea4cf676af11e647e41d81c9a7722a193022accdb6b7c", size = 154090, upload-time = "2025-09-25T21:32:33.659Z" },
    { url = "https://files.pythonhosted.org/packages/73/e8/2bdf3ca2090f68bb3d75b44da7bbc71843b19c9f2b9cb9b0f4ab7a5a4329/pyyaml-6.0.3-cp313-cp313-win_arm64.whl", hash = "sha256:5498cd1645aa724a7c71c8f378eb29ebe23da2fc0d7a08071d89469bf1d2defb", size = 140246, upload-time = "2025-09-25T21:32:34.663Z" },
    { url = "https://files.pythonhosted.org/packages/9d/8c/f4bd7f6465179953d3ac9bc44ac1a8a3e6122cf8ada906b4f96c60172d43/pyyaml-6.0.3-cp314-cp314-macosx_10_13_x86_64.whl", hash = "sha256:8d1fab6bb153a416f9aeb4b8763bc0f22a5586065f86f7664fc23339fc1c1fac", size = 181814, upload-time = "2025-09-25T21:32:35.712Z" },
    { url = "https://files.pythonhosted.org/packages/bd/9c/4d95bb87eb2063d20db7b60faa3840c1b18025517ae857371c4dd55a6b3a/pyyaml-6.0.3-cp314-cp314-macosx_11_0_arm64.whl", hash = "sha256:34d5fcd24b8445fadc33f9cf348c1047101756fd760b4dacb5c3e99755703310", size = 173809, upload-time = "2025-09-25T21:32:36.789Z" },
    { url = "https://files.pythonhosted.org/packages/92/b5/47e807c2623074914e29dabd16cbbdd4bf5e9b2db9f8090fa64411fc5382/pyyaml-6.0.3-cp314-cp314-manylinux2014_aarch64.manylinux_2_17_aarch64.manylinux_2_28_aarch64.whl", hash = "sha256:501a031947e3a9025ed4405a168e6ef5ae3126c59f90ce0cd6f2bfc477be31b7", size = 766454, upload-time = "2025-09-25T21:32:37.966Z" },
    { url = "https://files.pythonhosted.org/packages/02/9e/e5e9b168be58564121efb3de6859c452fccde0ab093d8438905899a3a483/pyyaml-6.0.3-cp314-cp314-manylinux2014_s390x.manylinux_2_17_s390x.manylinux_2_28_s390x.whl", hash = "sha256:b3bc83488de33889877a0f2543ade9f70c67d66d9ebb4ac959502e12de895788", size = 836355, upload-time = "2025-09-25T21:32:39.178Z" },
    { url = "https://files.pythonhosted.org/packages/88/f9/16491d7ed2a919954993e48aa941b200f38040928474c9e85ea9e64222c3/pyyaml-6.0.3-cp314-cp314-manylinux2014_x86_64.manylinux_2_17_x86_64.manylinux_2_28_x86_64.whl", hash = "sha256:c458b6d084f9b935061bc36216e8a69a7e293a2f1e68bf956dcd9e6cbcd143f5", size = 794175, upload-time = "2025-09-25T21:32:40.865Z" },
    { url = "https://files.pythonhosted.org/packages/dd/3f/5989debef34dc6397317802b527dbbafb2b4760878a53d4166579111411e/pyyaml-6.0.3-cp314-cp314-musllinux_1_2_aarch64.whl", hash = "sha256:7c6610def4f163542a622a73fb39f534f8c101d690126992300bf3207eab9764", size = 755228, upload-time = "2025-09-25T21:32:42.084Z" },
    { url = "https://files.pythonhosted.org/packages/d7/ce/af88a49043cd2e265be63d083fc75b27b6ed062f5f9fd6cdc223ad62f03e/pyyaml-6.0.3-cp314-cp314-musllinux_1_2_x86_64.whl", hash = "sha256:5190d403f121660ce8d1d2c1bb2ef1bd05b5f68533fc5c2ea899bd15f4399b35", size = 789194, upload-time = "2025-09-25T21:32:43.362Z" },
    { url = "https://files.pythonhosted.org/packages/23/20/bb6982b26a40bb43951265ba29d4c246ef0ff59c9fdcdf0ed04e0687de4d/pyyaml-6.0.3-cp314-cp314-win_amd64.whl", hash = "sha256:4a2e8cebe2ff6ab7d1050ecd59c25d4c8bd7e6f400f5f82b96557ac0abafd0ac", size = 156429, upload-time = "2025-09-25T21:32:57.844Z" },
    { url = "https://files.pythonhosted.org/packages/f4/f4/a4541072bb9422c8a883ab55255f918fa378ecf083f5b85e87fc2b4eda1b/pyyaml-6.0.3-cp314-cp314-win_arm64.whl", hash = "sha256:93dda82c9c22deb0a405ea4dc5f2d0cda384168e466364dec6255b293923b2f3", size = 143912, upload-time = "2025-09-25T21:32:59.247Z" },
    { url = "https://files.pythonhosted.org/packages/7c/f9/07dd09ae774e4616edf6cda684ee78f97777bdd15847253637a6f052a62f/pyyaml-6.0.3-cp314-cp314t-macosx_10_13_x86_64.whl", hash = "sha256:02893d100e99e03eda1c8fd5c441d8c60103fd175728e23e431db1b589cf5ab3", size = 189108, upload-time = "2025-09-25T21:32:44.377Z" },
    { url = "https://files.pythonhosted.org/packages/4e/78/8d08c9fb7ce09ad8c38ad533c1191cf27f7ae1effe5bb9400a46d9437fcf/pyyaml-6.0.3-cp314-cp314t-macosx_11_0_arm64.whl", hash = "sha256:c1ff362665ae507275af2853520967820d9124984e0f7466736aea23d8611fba", size = 183641, upload-time = "2025-09-25T21:32:45.407Z" },
    { url = "https://files.pythonhosted.org/packages/7b/5b/3babb19104a46945cf816d047db2788bcaf8c94527a805610b0289a01c6b/pyyaml-6.0.3-cp314-cp314t-manylinux2014_aarch64.manylinux_2_17_aarch64.manylinux_2_28_aarch64.whl", hash = "sha256:6adc77889b628398debc7b65c073bcb99c4a0237b248cacaf3fe8a557563ef6c", size = 831901, upload-time = "2025-09-25T21:32:48.83Z" },
    { url = "https://files.pythonhosted.org/packages/8b/cc/dff0684d8dc44da4d22a13f35f073d558c268780ce3c6ba1b87055bb0b87/pyyaml-6.0.3-cp314-cp314t-manylinux2014_s390x.manylinux_2_17_s390x.manylinux_2_28_s390x.whl", hash = "sha256:a80cb027f6b349846a3bf6d73b5e95e782175e52f22108cfa17876aaeff93702", size = 861132, upload-time = "2025-09-25T21:32:50.149Z" },
    { url = "https://files.pythonhosted.org/packages/b1/5e/f77dc6b9036943e285ba76b49e118d9ea929885becb0a29ba8a7c75e29fe/pyyaml-6.0.3-cp314-cp314t-manylinux2014_x86_64.manylinux_2_17_x86_64.manylinux_2_28_x86_64.whl", hash = "sha256:00c4bdeba853cc34e7dd471f16b4114f4162dc03e6b7afcc2128711f0eca823c", size = 839261, upload-time = "2025-09-25T21:32:51.808Z" },
    { url = "https://files.pythonhosted.org/packages/ce/88/a9db1376aa2a228197c58b37302f284b5617f56a5d959fd1763fb1675ce6/pyyaml-6.0.3-cp314-cp314t-musllinux_1_2_aarch64.whl", hash = "sha256:66e1674c3ef6f541c35191caae2d429b967b99e02040f5ba928632d9a7f0f065", size = 805272, upload-time = "2025-09-25T21:32:52.941Z" },
    { url = "https://files.pythonhosted.org/packages/da/92/1446574745d74df0c92e6aa4a7b0b3130706a4142b2d1a5869f2eaa423c6/pyyaml-6.0.3-cp314-cp314t-musllinux_1_2_x86_64.whl", hash = "sha256:16249ee61e95f858e83976573de0f5b2893b3677ba71c9dd36b9cf8be9ac6d65", size = 829923, upload-time = "2025-09-25T21:32:54.537Z" },
    { url = "https://files.pythonhosted.org/packages/f0/7a/1c7270340330e575b92f397352af856a8c06f230aa3e76f86b39d01b416a/pyyaml-6.0.3-cp314-cp314t-win_amd64.whl", hash = "sha256:4ad1906908f2f5ae4e5a8ddfce73c320c2a1429ec52eafd27138b7f1cbe341c9", size = 174062, upload-time = "2025-09-25T21:32:55.767Z" },
    { url = "https://files.pythonhosted.org/packages/f1/12/de94a39c2ef588c7e6455cfbe7343d3b2dc9d6b6b2f40c4c6565744c873d/pyyaml-6.0.3-cp314-cp314t-win_arm64.whl", hash = "sha256:ebc55a14a21cb14062aa4162f906cd962b28e2e9ea38f9b4391244cd8de4ae0b", size = 149341, upload-time = "2025-09-25T21:32:56.828Z" },
]

[[package]]
name = "ruff"
version = "0.14.0"
source = { registry = "https://pypi.org/simple" }
sdist = { url = "https://files.pythonhosted.org/packages/41/b9/9bd84453ed6dd04688de9b3f3a4146a1698e8faae2ceeccce4e14c67ae17/ruff-0.14.0.tar.gz", hash = "sha256:62ec8969b7510f77945df916de15da55311fade8d6050995ff7f680afe582c57", size = 5452071, upload-time = "2025-10-07T18:21:55.763Z" }
wheels = [
    { url = "https://files.pythonhosted.org/packages/3a/4e/79d463a5f80654e93fa653ebfb98e0becc3f0e7cf6219c9ddedf1e197072/ruff-0.14.0-py3-none-linux_armv6l.whl", hash = "sha256:58e15bffa7054299becf4bab8a1187062c6f8cafbe9f6e39e0d5aface455d6b3", size = 12494532, upload-time = "2025-10-07T18:21:00.373Z" },
    { url = "https://files.pythonhosted.org/packages/ee/40/e2392f445ed8e02aa6105d49db4bfff01957379064c30f4811c3bf38aece/ruff-0.14.0-py3-none-macosx_10_12_x86_64.whl", hash = "sha256:838d1b065f4df676b7c9957992f2304e41ead7a50a568185efd404297d5701e8", size = 13160768, upload-time = "2025-10-07T18:21:04.73Z" },
    { url = "https://files.pythonhosted.org/packages/75/da/2a656ea7c6b9bd14c7209918268dd40e1e6cea65f4bb9880eaaa43b055cd/ruff-0.14.0-py3-none-macosx_11_0_arm64.whl", hash = "sha256:703799d059ba50f745605b04638fa7e9682cc3da084b2092feee63500ff3d9b8", size = 12363376, upload-time = "2025-10-07T18:21:07.833Z" },
    { url = "https://files.pythonhosted.org/packages/42/e2/1ffef5a1875add82416ff388fcb7ea8b22a53be67a638487937aea81af27/ruff-0.14.0-py3-none-manylinux_2_17_aarch64.manylinux2014_aarch64.whl", hash = "sha256:3ba9a8925e90f861502f7d974cc60e18ca29c72bb0ee8bfeabb6ade35a3abde7", size = 12608055, upload-time = "2025-10-07T18:21:10.72Z" },
    { url = "https://files.pythonhosted.org/packages/4a/32/986725199d7cee510d9f1dfdf95bf1efc5fa9dd714d0d85c1fb1f6be3bc3/ruff-0.14.0-py3-none-manylinux_2_17_armv7l.manylinux2014_armv7l.whl", hash = "sha256:e41f785498bd200ffc276eb9e1570c019c1d907b07cfb081092c8ad51975bbe7", size = 12318544, upload-time = "2025-10-07T18:21:13.741Z" },
    { url = "https://files.pythonhosted.org/packages/9a/ed/4969cefd53315164c94eaf4da7cfba1f267dc275b0abdd593d11c90829a3/ruff-0.14.0-py3-none-manylinux_2_17_i686.manylinux2014_i686.whl", hash = "sha256:30a58c087aef4584c193aebf2700f0fbcfc1e77b89c7385e3139956fa90434e2", size = 14001280, upload-time = "2025-10-07T18:21:16.411Z" },
    { url = "https://files.pythonhosted.org/packages/ab/ad/96c1fc9f8854c37681c9613d825925c7f24ca1acfc62a4eb3896b50bacd2/ruff-0.14.0-py3-none-manylinux_2_17_ppc64.manylinux2014_ppc64.whl", hash = "sha256:f8d07350bc7af0a5ce8812b7d5c1a7293cf02476752f23fdfc500d24b79b783c", size = 15027286, upload-time = "2025-10-07T18:21:19.577Z" },
    { url = "https://files.pythonhosted.org/packages/b3/00/1426978f97df4fe331074baf69615f579dc4e7c37bb4c6f57c2aad80c87f/ruff-0.14.0-py3-none-manylinux_2_17_ppc64le.manylinux2014_ppc64le.whl", hash = "sha256:eec3bbbf3a7d5482b5c1f42d5fc972774d71d107d447919fca620b0be3e3b75e", size = 14451506, upload-time = "2025-10-07T18:21:22.779Z" },
    { url = "https://files.pythonhosted.org/packages/58/d5/9c1cea6e493c0cf0647674cca26b579ea9d2a213b74b5c195fbeb9678e15/ruff-0.14.0-py3-none-manylinux_2_17_s390x.manylinux2014_s390x.whl", hash = "sha256:16b68e183a0e28e5c176d51004aaa40559e8f90065a10a559176713fcf435206", size = 13437384, upload-time = "2025-10-07T18:21:25.758Z" },
    { url = "https://files.pythonhosted.org/packages/29/b4/4cd6a4331e999fc05d9d77729c95503f99eae3ba1160469f2b64866964e3/ruff-0.14.0-py3-none-manylinux_2_17_x86_64.manylinux2014_x86_64.whl", hash = "sha256:eb732d17db2e945cfcbbc52af0143eda1da36ca8ae25083dd4f66f1542fdf82e", size = 13447976, upload-time = "2025-10-07T18:21:28.83Z" },
    { url = "https://files.pythonhosted.org/packages/3b/c0/ac42f546d07e4f49f62332576cb845d45c67cf5610d1851254e341d563b6/ruff-0.14.0-py3-none-manylinux_2_31_riscv64.whl", hash = "sha256:c958f66ab884b7873e72df38dcabee03d556a8f2ee1b8538ee1c2bbd619883dd", size = 13682850, upload-time = "2025-10-07T18:21:31.842Z" },
    { url = "https://files.pythonhosted.org/packages/5f/c4/4b0c9bcadd45b4c29fe1af9c5d1dc0ca87b4021665dfbe1c4688d407aa20/ruff-0.14.0-py3-none-musllinux_1_2_aarch64.whl", hash = "sha256:7eb0499a2e01f6e0c285afc5bac43ab380cbfc17cd43a2e1dd10ec97d6f2c42d", size = 12449825, upload-time = "2025-10-07T18:21:35.074Z" },
    { url = "https://files.pythonhosted.org/packages/4b/a8/e2e76288e6c16540fa820d148d83e55f15e994d852485f221b9524514730/ruff-0.14.0-py3-none-musllinux_1_2_armv7l.whl", hash = "sha256:4c63b2d99fafa05efca0ab198fd48fa6030d57e4423df3f18e03aa62518c565f", size = 12272599, upload-time = "2025-10-07T18:21:38.08Z" },
    { url = "https://files.pythonhosted.org/packages/18/14/e2815d8eff847391af632b22422b8207704222ff575dec8d044f9ab779b2/ruff-0.14.0-py3-none-musllinux_1_2_i686.whl", hash = "sha256:668fce701b7a222f3f5327f86909db2bbe99c30877c8001ff934c5413812ac02", size = 13193828, upload-time = "2025-10-07T18:21:41.216Z" },
    { url = "https://files.pythonhosted.org/packages/44/c6/61ccc2987cf0aecc588ff8f3212dea64840770e60d78f5606cd7dc34de32/ruff-0.14.0-py3-none-musllinux_1_2_x86_64.whl", hash = "sha256:a86bf575e05cb68dcb34e4c7dfe1064d44d3f0c04bbc0491949092192b515296", size = 13628617, upload-time = "2025-10-07T18:21:44.04Z" },
    { url = "https://files.pythonhosted.org/packages/73/e6/03b882225a1b0627e75339b420883dc3c90707a8917d2284abef7a58d317/ruff-0.14.0-py3-none-win32.whl", hash = "sha256:7450a243d7125d1c032cb4b93d9625dea46c8c42b4f06c6b709baac168e10543", size = 12367872, upload-time = "2025-10-07T18:21:46.67Z" },
    { url = "https://files.pythonhosted.org/packages/41/77/56cf9cf01ea0bfcc662de72540812e5ba8e9563f33ef3d37ab2174892c47/ruff-0.14.0-py3-none-win_amd64.whl", hash = "sha256:ea95da28cd874c4d9c922b39381cbd69cb7e7b49c21b8152b014bd4f52acddc2", size = 13464628, upload-time = "2025-10-07T18:21:50.318Z" },
    { url = "https://files.pythonhosted.org/packages/c6/2a/65880dfd0e13f7f13a775998f34703674a4554906167dce02daf7865b954/ruff-0.14.0-py3-none-win_arm64.whl", hash = "sha256:f42c9495f5c13ff841b1da4cb3c2a42075409592825dada7c5885c2c844ac730", size = 12565142, upload-time = "2025-10-07T18:21:53.577Z" },
]

[[package]]
name = "typing-extensions"
version = "4.15.0"
source = { registry = "https://pypi.org/simple" }
sdist = { url = "https://files.pythonhosted.org/packages/72/94/1a15dd82efb362ac84269196e94cf00f187f7ed21c242792a923cdb1c61f/typing_extensions-4.15.0.tar.gz", hash = "sha256:0cea48d173cc12fa28ecabc3b837ea3cf6f38c6d1136f85cbaaf598984861466", size = 109391, upload-time = "2025-08-25T13:49:26.313Z" }
wheels = [
    { url = "https://files.pythonhosted.org/packages/18/67/36e9267722cc04a6b9f15c7f3441c2363321a3ea07da7ae0c0707beb2a9c/typing_extensions-4.15.0-py3-none-any.whl", hash = "sha256:f0fa19c6845758ab08074a0cfa8b7aecb71c999ca73d62883bc25cc018c4e548", size = 44614, upload-time = "2025-08-25T13:49:24.86Z" },
]

[[package]]
name = "tzdata"
version = "2025.2"
source = { registry = "https://pypi.org/simple" }
sdist = { url = "https://files.pythonhosted.org/packages/95/32/1a225d6164441be760d75c2c42e2780dc0873fe382da3e98a2e1e48361e5/tzdata-2025.2.tar.gz", hash = "sha256:b60a638fcc0daffadf82fe0f57e53d06bdec2f36c4df66280ae79bce6bd6f2b9", size = 196380, upload-time = "2025-03-23T13:54:43.652Z" }
wheels = [
    { url = "https://files.pythonhosted.org/packages/5c/23/c7abc0ca0a1526a0774eca151daeb8de62ec457e77262b66b359c3c7679e/tzdata-2025.2-py2.py3-none-any.whl", hash = "sha256:1a403fada01ff9221ca8044d701868fa132215d84beb92242d9acd2147f667a8", size = 347839, upload-time = "2025-03-23T13:54:41.845Z" },
]
